
Microsoft Visual Studio Solution File, Format Version 12.00
Project("{2150E333-8FDC-42A3-9474-1A3956D46DE8}") = "src", "src", "{827E0CD3-B72D-47B6-A68D-7590B98EB39B}"
EndProject
Project("{FAE04EC0-301F-11D3-BF4B-00C04F79EFBC}") = "EventosVivos.Domain", "src\EventosVivos.Domain\EventosVivos.Domain.csproj", "{7335C0A5-7678-46D2-9017-03A64CCF9B9A}"
EndProject
Project("{FAE04EC0-301F-11D3-BF4B-00C04F79EFBC}") = "EventosVivos.Application", "src\EventosVivos.Application\EventosVivos.Application.csproj", "{58250AD3-854D-4B1D-B053-4F1BD6CDFA8C}"
EndProject
Project("{FAE04EC0-301F-11D3-BF4B-00C04F79EFBC}") = "EventosVivos.Infrastructure", "src\EventosVivos.Infrastructure\EventosVivos.Infrastructure.csproj", "{69E21741-47CC-4EC5-B023-EAEAB51981FF}"
EndProject
Project("{FAE04EC0-301F-11D3-BF4B-00C04F79EFBC}") = "EventosVivos.Api", "src\EventosVivos.Api\EventosVivos.Api.csproj", "{D69C708F-9BBD-4D4E-A824-DC34CA1F782F}"
EndProject
Project("{2150E333-8FDC-42A3-9474-1A3956D46DE8}") = "tests", "tests", "{0AB3BF05-4346-4AA6-1389-037BE0695223}"
EndProject
Project("{FAE04EC0-301F-11D3-BF4B-00C04F79EFBC}") = "EventosVivos.Domain.Tests", "tests\EventosVivos.Domain.Tests\EventosVivos.Domain.Tests.csproj", "{833EACE2-623B-4431-A1EE-265E32694AD8}"
EndProject
Project("{FAE04EC0-301F-11D3-BF4B-00C04F79EFBC}") = "EventosVivos.Application.Tests", "tests\EventosVivos.Application.Tests\EventosVivos.Application.Tests.csproj", "{20B15F37-40E1-4F60-8F3D-47EF77CAC3C1}"
EndProject
Global
	GlobalSection(SolutionConfigurationPlatforms) = preSolution
		Debug|Any CPU = Debug|Any CPU
		Debug|x64 = Debug|x64
		Debug|x86 = Debug|x86
		Release|Any CPU = Release|Any CPU
		Release|x64 = Release|x64
		Release|x86 = Release|x86
	EndGlobalSection
	GlobalSection(ProjectConfigurationPlatforms) = postSolution
		{7335C0A5-7678-46D2-9017-03A64CCF9B9A}.Debug|Any CPU.ActiveCfg = Debug|Any CPU
		{7335C0A5-7678-46D2-9017-03A64CCF9B9A}.Debug|Any CPU.Build.0 = Debug|Any CPU
		{7335C0A5-7678-46D2-9017-03A64CCF9B9A}.Debug|x64.ActiveCfg = Debug|Any CPU
		{7335C0A5-7678-46D2-9017-03A64CCF9B9A}.Debug|x64.Build.0 = Debug|Any CPU
		{7335C0A5-7678-46D2-9017-03A64CCF9B9A}.Debug|x86.ActiveCfg = Debug|Any CPU
		{7335C0A5-7678-46D2-9017-03A64CCF9B9A}.Debug|x86.Build.0 = Debug|Any CPU
		{7335C0A5-7678-46D2-9017-03A64CCF9B9A}.Release|Any CPU.ActiveCfg = Release|Any CPU
		{7335C0A5-7678-46D2-9017-03A64CCF9B9A}.Release|Any CPU.Build.0 = Release|Any CPU
		{7335C0A5-7678-46D2-9017-03A64CCF9B9A}.Release|x64.ActiveCfg = Release|Any CPU
		{7335C0A5-7678-46D2-9017-03A64CCF9B9A}.Release|x64.Build.0 = Release|Any CPU
		{7335C0A5-7678-46D2-9017-03A64CCF9B9A}.Release|x86.ActiveCfg = Release|Any CPU
		{7335C0A5-7678-46D2-9017-03A64CCF9B9A}.Release|x86.Build.0 = Release|Any CPU
		{58250AD3-854D-4B1D-B053-4F1BD6CDFA8C}.Debug|Any CPU.ActiveCfg = Debug|Any CPU
		{58250AD3-854D-4B1D-B053-4F1BD6CDFA8C}.Debug|Any CPU.Build.0 = Debug|Any CPU
		{58250AD3-854D-4B1D-B053-4F1BD6CDFA8C}.Debug|x64.ActiveCfg = Debug|Any CPU
		{58250AD3-854D-4B1D-B053-4F1BD6CDFA8C}.Debug|x64.Build.0 = Debug|Any CPU
		{58250AD3-854D-4B1D-B053-4F1BD6CDFA8C}.Debug|x86.ActiveCfg = Debug|Any CPU
		{58250AD3-854D-4B1D-B053-4F1BD6CDFA8C}.Debug|x86.Build.0 = Debug|Any CPU
		{58250AD3-854D-4B1D-B053-4F1BD6CDFA8C}.Release|Any CPU.ActiveCfg = Release|Any CPU
		{58250AD3-854D-4B1D-B053-4F1BD6CDFA8C}.Release|Any CPU.Build.0 = Release|Any CPU
		{58250AD3-854D-4B1D-B053-4F1BD6CDFA8C}.Release|x64.ActiveCfg = Release|Any CPU
		{58250AD3-854D-4B1D-B053-4F1BD6CDFA8C}.Release|x64.Build.0 = Release|Any CPU
		{58250AD3-854D-4B1D-B053-4F1BD6CDFA8C}.Release|x86.ActiveCfg = Release|Any CPU
		{58250AD3-854D-4B1D-B053-4F1BD6CDFA8C}.Release|x86.Build.0 = Release|Any CPU
		{69E21741-47CC-4EC5-B023-EAEAB51981FF}.Debug|Any CPU.ActiveCfg = Debug|Any CPU
		{69E21741-47CC-4EC5-B023-EAEAB51981FF}.Debug|Any CPU.Build.0 = Debug|Any CPU
		{69E21741-47CC-4EC5-B023-EAEAB51981FF}.Debug|x64.ActiveCfg = Debug|Any CPU
		{69E21741-47CC-4EC5-B023-EAEAB51981FF}.Debug|x64.Build.0 = Debug|Any CPU
		{69E21741-47CC-4EC5-B023-EAEAB51981FF}.Debug|x86.ActiveCfg = Debug|Any CPU
		{69E21741-47CC-4EC5-B023-EAEAB51981FF}.Debug|x86.Build.0 = Debug|Any CPU
		{69E21741-47CC-4EC5-B023-EAEAB51981FF}.Release|Any CPU.ActiveCfg = Release|Any CPU
		{69E21741-47CC-4EC5-B023-EAEAB51981FF}.Release|Any CPU.Build.0 = Release|Any CPU
		{69E21741-47CC-4EC5-B023-EAEAB51981FF}.Release|x64.ActiveCfg = Release|Any CPU
		{69E21741-47CC-4EC5-B023-EAEAB51981FF}.Release|x64.Build.0 = Release|Any CPU
		{69E21741-47CC-4EC5-B023-EAEAB51981FF}.Release|x86.ActiveCfg = Release|Any CPU
		{69E21741-47CC-4EC5-B023-EAEAB51981FF}.Release|x86.Build.0 = Release|Any CPU
		{D69C708F-9BBD-4D4E-A824-DC34CA1F782F}.Debug|Any CPU.ActiveCfg = Debug|Any CPU
		{D69C708F-9BBD-4D4E-A824-DC34CA1F782F}.Debug|Any CPU.Build.0 = Debug|Any CPU
		{D69C708F-9BBD-4D4E-A824-DC34CA1F782F}.Debug|x64.ActiveCfg = Debug|Any CPU
		{D69C708F-9BBD-4D4E-A824-DC34CA1F782F}.Debug|x64.Build.0 = Debug|Any CPU
		{D69C708F-9BBD-4D4E-A824-DC34CA1F782F}.Debug|x86.ActiveCfg = Debug|Any CPU
		{D69C708F-9BBD-4D4E-A824-DC34CA1F782F}.Debug|x86.Build.0 = Debug|Any CPU
		{D69C708F-9BBD-4D4E-A824-DC34CA1F782F}.Release|Any CPU.ActiveCfg = Release|Any CPU
		{D69C708F-9BBD-4D4E-A824-DC34CA1F782F}.Release|Any CPU.Build.0 = Release|Any CPU
		{D69C708F-9BBD-4D4E-A824-DC34CA1F782F}.Release|x64.ActiveCfg = Release|Any CPU
		{D69C708F-9BBD-4D4E-A824-DC34CA1F782F}.Release|x64.Build.0 = Release|Any CPU
		{D69C708F-9BBD-4D4E-A824-DC34CA1F782F}.Release|x86.ActiveCfg = Release|Any CPU
		{D69C708F-9BBD-4D4E-A824-DC34CA1F782F}.Release|x86.Build.0 = Release|Any CPU
		{833EACE2-623B-4431-A1EE-265E32694AD8}.Debug|Any CPU.ActiveCfg = Debug|Any CPU
		{833EACE2-623B-4431-A1EE-265E32694AD8}.Debug|Any CPU.Build.0 = Debug|Any CPU
		{833EACE2-623B-4431-A1EE-265E32694AD8}.Debug|x64.ActiveCfg = Debug|Any CPU
		{833EACE2-623B-4431-A1EE-265E32694AD8}.Debug|x64.Build.0 = Debug|Any CPU
		{833EACE2-623B-4431-A1EE-265E32694AD8}.Debug|x86.ActiveCfg = Debug|Any CPU
		{833EACE2-623B-4431-A1EE-265E32694AD8}.Debug|x86.Build.0 = Debug|Any CPU
		{833EACE2-623B-4431-A1EE-265E32694AD8}.Release|Any CPU.ActiveCfg = Release|Any CPU
		{833EACE2-623B-4431-A1EE-265E32694AD8}.Release|Any CPU.Build.0 = Release|Any CPU
		{833EACE2-623B-4431-A1EE-265E32694AD8}.Release|x64.ActiveCfg = Release|Any CPU
		{833EACE2-623B-4431-A1EE-265E32694AD8}.Release|x64.Build.0 = Release|Any CPU
		{833EACE2-623B-4431-A1EE-265E32694AD8}.Release|x86.ActiveCfg = Release|Any CPU
		{833EACE2-623B-4431-A1EE-265E32694AD8}.Release|x86.Build.0 = Release|Any CPU
		{20B15F37-40E1-4F60-8F3D-47EF77CAC3C1}.Debug|Any CPU.ActiveCfg = Debug|Any CPU
		{20B15F37-40E1-4F60-8F3D-47EF77CAC3C1}.Debug|Any CPU.Build.0 = Debug|Any CPU
		{20B15F37-40E1-4F60-8F3D-47EF77CAC3C1}.Debug|x64.ActiveCfg = Debug|Any CPU
		{20B15F37-40E1-4F60-8F3D-47EF77CAC3C1}.Debug|x64.Build.0 = Debug|Any CPU
		{20B15F37-40E1-4F60-8F3D-47EF77CAC3C1}.Debug|x86.ActiveCfg = Debug|Any CPU
		{20B15F37-40E1-4F60-8F3D-47EF77CAC3C1}.Debug|x86.Build.0 = Debug|Any CPU
		{20B15F37-40E1-4F60-8F3D-47EF77CAC3C1}.Release|Any CPU.ActiveCfg = Release|Any CPU
		{20B15F37-40E1-4F60-8F3D-47EF77CAC3C1}.Release|Any CPU.Build.0 = Release|Any CPU
		{20B15F37-40E1-4F60-8F3D-47EF77CAC3C1}.Release|x64.ActiveCfg = Release|Any CPU
		{20B15F37-40E1-4F60-8F3D-47EF77CAC3C1}.Release|x64.Build.0 = Release|Any CPU
		{20B15F37-40E1-4F60-8F3D-47EF77CAC3C1}.Release|x86.ActiveCfg = Release|Any CPU
		{20B15F37-40E1-4F60-8F3D-47EF77CAC3C1}.Release|x86.Build.0 = Release|Any CPU
	EndGlobalSection
	GlobalSection(SolutionProperties) = preSolution
		HideSolutionNode = FALSE
	EndGlobalSection
	GlobalSection(NestedProjects) = preSolution
		{7335C0A5-7678-46D2-9017-03A64CCF9B9A} = {827E0CD3-B72D-47B6-A68D-7590B98EB39B}
		{58250AD3-854D-4B1D-B053-4F1BD6CDFA8C} = {827E0CD3-B72D-47B6-A68D-7590B98EB39B}
		{69E21741-47CC-4EC5-B023-EAEAB51981FF} = {827E0CD3-B72D-47B6-A68D-7590B98EB39B}
		{D69C708F-9BBD-4D4E-A824-DC34CA1F782F} = {827E0CD3-B72D-47B6-A68D-7590B98EB39B}
		{833EACE2-623B-4431-A1EE-265E32694AD8} = {0AB3BF05-4346-4AA6-1389-037BE0695223}
		{20B15F37-40E1-4F60-8F3D-47EF77CAC3C1} = {0AB3BF05-4346-4AA6-1389-037BE0695223}
	EndGlobalSection
EndGlobal
